# THIS IS AN AUTOGENERATED FILE. DO NOT EDIT THIS FILE DIRECTLY.
# yarn lockfile v1


"@aws-sdk/client-dynamodb@^3.44.0":
  version "3.1120.0"
  resolved "https://registry.yarnpkg.com/@aws-sdk/client-dynamodb/-/client-dynamodb-3.1120.0.tgz#7561f74ccdd1bf2311f903701a1783800734a130"
  integrity sha512-SjMCaA8fHtskSUlVJMvQCpGM0cRUI4W/Tcxj+5WQJkOidRn0WmFgY51v33eB0S1PLm9kucIeIy/txLNcZ/TCvA==
  dependencies:
    "@aws-sdk/core" "^3.977.9"
    "@aws-sdk/credential-provider-node" "^3.972.81"
    "@aws-sdk/dynamodb-codec" "^3.973.44"
    "@aws-sdk/middleware-endpoint-discovery" "^3.972.30"
    "@aws-sdk/types" "^3.974.5"
    "@smithy/core" "^3.33.3"
    "@smithy/fetch-http-handler" "^5.7.2"
    "@smithy/node-http-handler" "^4.11.3"
    "@smithy/types" "^4.17.2"
    tslib "^2.6.2"

"@aws-sdk/client-secrets-manager@^3.507.0":
  version "3.1120.0"
  resolved "https://registry.yarnpkg.com/@aws-sdk/client-secrets-manager/-/client-secrets-manager-3.1120.0.tgz#0180c07ac8033036bd88ed44470d0d82d12e0b26"
  integrity sha512-4uI150rc2yMwIflWSy7yYz5XR4ejaVGRUXYZqMNG8ABo7ApMd0UvtoU5dq9+hhHUkonPY/KCwRt9KvcX3QGmRw==
  dependencies:
    "@aws-sdk/core" "^3.977.9"
    "@aws-sdk/credential-provider-node" "^3.972.81"
    "@aws-sdk/types" "^3.974.5"
    "@smithy/core" "^3.33.3"
    "@smithy/fetch-http-handler" "^5.7.2"
    "@smithy/node-http-handler" "^4.11.3"
    "@smithy/types" "^4.17.2"
    tslib "^2.6.2"

"@aws-sdk/core@^3.977.9":
  version "3.977.9"
  resolved "https://registry.yarnpkg.com/@aws-sdk/core/-/core-3.977.9.tgz#c3d6b4bcce3df3c86831510f18bd2ce32172b136"
  integrity sha512-reqPFEQrZxDZpeGj4PFMepBeR5LGYHRqq/L0motTzgFkCRBA4rFdaVXDSLYyGHhxVz7sT2PDnPN9CluGSfgyJA==
  dependencies:
    "@aws-sdk/types" "^3.974.5"
    "@aws-sdk/xml-builder" "^3.972.40"
    "@aws/lambda-invoke-store" "^0.3.0"
    "@smithy/core" "^3.33.3"
    "@smithy/signature-v4" "^5.6.12"
    "@smithy/types" "^4.17.2"
    bowser "^2.11.0"
    tslib "^2.6.2"

"@aws-sdk/credential-provider-env@^3.972.70":
  version "3.972.70"
  resolved "https://registry.yarnpkg.com/@aws-sdk/credential-provider-env/-/credential-provider-env-3.972.70.tgz#631ef02069bae65ac7d58c6878a09a42c24cb485"
  integrity sha512-H404B7dJl2mCrBqahDEYsanB0xhdDp6tXnXcTUnXmmpy2Q3J0Ho0bUajZ2jr/RdwzCyS59Gi8xXIFwPLGBl6Uw==
  dependencies:
    "@aws-sdk/core" "^3.977.9"
    "@aws-sdk/types" "^3.974.5"
    "@smithy/core" "^3.33.3"
    "@smithy/types" "^4.17.2"
    tslib "^2.6.2"

"@aws-sdk/credential-provider-http@^3.972.72":
  version "3.972.72"
  resolved "https://registry.yarnpkg.com/@aws-sdk/credential-provider-http/-/credential-provider-http-3.972.72.tgz#9b737cc3879d900e703b219777e26d6bb542ffec"
  integrity sha512-X98zYOrVOeuosCX+6ktf29FC2N2GHPLia7qv6mzPzTc+RPAuHWCDS++Z6JK7eGYqb/v6uaW7bAXaOvDBfol+0w==
  dependencies:
    "@aws-sdk/core" "^3.977.9"
    "@aws-sdk/types" "^3.974.5"
    "@smithy/core" "^3.33.3"
    "@smithy/fetch-http-handler" "^5.7.2"
    "@smithy/node-http-handler" "^4.11.3"
    "@smithy/types" "^4.17.2"
    tslib "^2.6.2"

"@aws-sdk/credential-provider-ini@^3.973.15":
  version "3.973.15"
  resolved "https://registry.yarnpkg.com/@aws-sdk/credential-provider-ini/-/credential-provider-ini-3.973.15.tgz#e185c40ba6b3eec90bf3cf7c364c79f639b15cca"
  integrity sha512-Rykg6s5ceBuynMOGWgoowO4N+27JfnqXAnVaSunZl0hOO1XodSrxGNz6sCEbnmS0lAfQZDKyb3fbr46gSuv6Sg==
  dependencies:
    "@aws-sdk/core" "^3.977.9"
    "@aws-sdk/credential-provider-env" "^3.972.70"
    "@aws-sdk/credential-provider-http" "^3.972.72"
    "@aws-sdk/credential-provider-login" "^3.972.77"
    "@aws-sdk/credential-provider-process" "^3.972.70"
    "@aws-sdk/credential-provider-sso" "^3.973.14"
    "@aws-sdk/credential-provider-web-identity" "^3.972.76"
    "@aws-sdk/nested-clients" "^3.997.44"
    "@aws-sdk/types" "^3.974.5"
    "@smithy/core" "^3.33.3"
    "@smithy/credential-provider-imds" "^4.4.16"
    "@smithy/types" "^4.17.2"
    tslib "^2.6.2"

"@aws-sdk/credential-provider-login@^3.972.77":
  version "3.972.77"
  resolved "https://registry.yarnpkg.com/@aws-sdk/credential-provider-login/-/credential-provider-login-3.972.77.tgz#6ee6341077a6b920fc9322cfc37142a5b5bf2660"
  integrity sha512-Jb59xfEISoN5mmbnA+HYqdtrSX3CgCtJoof+V5D8/TgUI56W63GEEd5Y58WijU3Ou6+WEgaLD1feVzaRXV5IDQ==
  dependencies:
    "@aws-sdk/core" "^3.977.9"
    "@aws-sdk/nested-clients" "^3.997.44"
    "@aws-sdk/types" "^3.974.5"
    "@smithy/core" "^3.33.3"
    "@smithy/types" "^4.17.2"
    tslib "^2.6.2"

"@aws-sdk/credential-provider-node@^3.972.81":
  version "3.972.81"
  resolved "https://registry.yarnpkg.com/@aws-sdk/credential-provider-node/-/credential-provider-node-3.972.81.tgz#f803fd0627194e94d673416820577c38a2684b2e"
  integrity sha512-Rml+WitoFvXmv6JZ18U/xGdGDGGvB/mOin0ya0lTnTrdC0Z1lrVxTYh7iNklZBcvcRMrs4DoEf6xy1KWyrLQQw==
  dependencies:
    "@aws-sdk/credential-provider-env" "^3.972.70"
    "@aws-sdk/credential-provider-http" "^3.972.72"
    "@aws-sdk/credential-provider-ini" "^3.973.15"
    "@aws-sdk/credential-provider-process" "^3.972.70"
    "@aws-sdk/credential-provider-sso" "^3.973.14"
    "@aws-sdk/credential-provider-web-identity" "^3.972.76"
    "@aws-sdk/types" "^3.974.5"
    "@smithy/core" "^3.33.3"
    "@smithy/credential-provider-imds" "^4.4.16"
    "@smithy/types" "^4.17.2"
    tslib "^2.6.2"

"@aws-sdk/credential-provider-process@^3.972.70":
  version "3.972.70"
  resolved "https://registry.yarnpkg.com/@aws-sdk/credential-provider-process/-/credential-provider-process-3.972.70.tgz#ca9f5b334442e2ee04712840864563b89cdd5360"
  integrity sha512-2ry03fGRJr4sV3jI+ocjj5JqALnFD6ymM5KiNCDZMvq8bX2GSbE0vji4aM43TVCl2nXqqLRZaUxdq/KeWRAY4Q==
  dependencies:
    "@aws-sdk/core" "^3.977.9"
    "@aws-sdk/types" "^3.974.5"
    "@smithy/core" "^3.33.3"
    "@smithy/types" "^4.17.2"
    tslib "^2.6.2"

"@aws-sdk/credential-provider-sso@^3.973.14":
  version "3.973.14"
  resolved "https://registry.yarnpkg.com/@aws-sdk/credential-provider-sso/-/credential-provider-sso-3.973.14.tgz#064acc04b4d0ef5ae879f2c2633a33c5a9238dda"
  integrity sha512-jkhg/8ocAAoc0RFyLMhCw+/zZh7gystQgd4F4hznNa8P4Cc501PQmxd+jGLiMHodPJ+7Zv/3znM62gZojyasmA==
  dependencies:
    "@aws-sdk/core" "^3.977.9"
    "@aws-sdk/nested-clients" "^3.997.44"
    "@aws-sdk/token-providers" "3.1116.0"
    "@aws-sdk/types" "^3.974.5"
    "@smithy/core" "^3.33.3"
    "@smithy/types" "^4.17.2"
    tslib "^2.6.2"

"@aws-sdk/credential-provider-web-identity@^3.972.76":
  version "3.972.76"
  resolved "https://registry.yarnpkg.com/@aws-sdk/credential-provider-web-identity/-/credential-provider-web-identity-3.972.76.tgz#93a1913bfc7671008831cc80ba072470cba03bd1"
  integrity sha512-d3AGyVu759PGr35mEB2s22xxlNEA5rpdxtSPJthfPFJvoQ8dt357iVPECqWfUxXp1toJAvKmbtcIYVGigaGsCA==
  dependencies:
    "@aws-sdk/core" "^3.977.9"
    "@aws-sdk/nested-clients" "^3.997.44"
    "@aws-sdk/types" "^3.974.5"
    "@smithy/core" "^3.33.3"
    "@smithy/types" "^4.17.2"
    tslib "^2.6.2"

"@aws-sdk/dynamodb-codec@^3.973.44":
  version "3.973.44"
  resolved "https://registry.yarnpkg.com/@aws-sdk/dynamodb-codec/-/dynamodb-codec-3.973.44.tgz#630566083c3455834cb853e835281b638162c404"
  integrity sha512-eo27HNeBqMAfy9JBQug6ErU6DeG8OmOH6ou8+KmX3/fWdTmWUsHsfisz2tEQOG+GJ57bBC7kC6AjKAjpcxU4QA==
  dependencies:
    "@aws-sdk/core" "^3.977.9"
    "@smithy/core" "^3.33.3"
    "@smithy/types" "^4.17.2"
    tslib "^2.6.2"

"@aws-sdk/endpoint-cache@^3.972.11":
  version "3.972.11"
  resolved "https://registry.yarnpkg.com/@aws-sdk/endpoint-cache/-/endpoint-cache-3.972.11.tgz#0d4a52d6307e240d0f404c649f9a58b773511d03"
  integrity sha512-8q1ICxcDjHId3bBryuu/j+1L9y5/3uQnwzLDt5j2ElcjZSoWmFtymdJy7OjLrluSMe0Z4mq5bcH4fxBXvlEHfw==
  dependencies:
    mnemonist "0.38.3"
    tslib "^2.6.2"

"@aws-sdk/lib-dynamodb@^3.44.0":
  version "3.1120.0"
  resolved "https://registry.yarnpkg.com/@aws-sdk/lib-dynamodb/-/lib-dynamodb-3.1120.0.tgz#4dad494acbae747b397b99ccaab7fca24f17fcc9"
  integrity sha512-P43Ix7XS/RYM7k9HsocaTasiVn3tTrc6gwWzUaM+SvHcLFt1pTME6tETykg9K3HTTH/InuG5h3aLb2eDZweXoQ==
  dependencies:
    "@aws-sdk/core" "^3.977.9"
    "@aws-sdk/util-dynamodb" "^3.996.9"
    "@smithy/core" "^3.33.3"
    "@smithy/types" "^4.17.2"
    tslib "^2.6.2"

"@aws-sdk/middleware-endpoint-discovery@^3.972.30":
  version "3.972.30"
  resolved "https://registry.yarnpkg.com/@aws-sdk/middleware-endpoint-discovery/-/middleware-endpoint-discovery-3.972.30.tgz#5a390d17d98b082fd14d1f3f9c9eca164eedcfa9"
  integrity sha512-0hmD7/NG2NoVOVHvUb6rtY5POQYr+/9gdHvrYhIBA1zmCqKOBd5Gz3dL+iZ15FHOJbs/5kLplGoePc8PHTlzYA==
  dependencies:
    "@aws-sdk/endpoint-cache" "^3.972.11"
    "@aws-sdk/types" "^3.974.5"
    "@smithy/core" "^3.33.3"
    "@smithy/types" "^4.17.2"
    tslib "^2.6.2"

"@aws-sdk/nested-clients@^3.997.44":
  version "3.997.44"
  resolved "https://registry.yarnpkg.com/@aws-sdk/nested-clients/-/nested-clients-3.997.44.tgz#ba02b5e0b12b57be425a7306a8c7b82f5eec4e0f"
  integrity sha512-NhEgryjlBF9w38ZXqGymQV28IhkYa1mKhlbYnqIis57AYwWGVYfUPgg/qC2rLRqOUfblxx++irvju10kVTa8Vw==
  dependencies:
    "@aws-sdk/core" "^3.977.9"
    "@aws-sdk/signature-v4-multi-region" "^3.996.46"
    "@aws-sdk/types" "^3.974.5"
    "@smithy/core" "^3.33.3"
    "@smithy/fetch-http-handler" "^5.7.2"
    "@smithy/node-http-handler" "^4.11.3"
    "@smithy/types" "^4.17.2"
    tslib "^2.6.2"

"@aws-sdk/signature-v4-multi-region@^3.996.46":
  version "3.996.46"
  resolved "https://registry.yarnpkg.com/@aws-sdk/signature-v4-multi-region/-/signature-v4-multi-region-3.996.46.tgz#ee57afe5282da4b57968061ef8706d32890267ab"
  integrity sha512-L+2xZTye/2T96f3lwCws0Zw6GG2JHZW9e8FpVgGBeeExSKyeoZ6CWRpBml/7DNiK/O26jrgPM9F+Ay8VkgzUWQ==
  dependencies:
    "@aws-sdk/types" "^3.974.5"
    "@smithy/signature-v4" "^5.6.12"
    "@smithy/types" "^4.17.2"
    tslib "^2.6.2"

"@aws-sdk/token-providers@3.1116.0":
  version "3.1116.0"
  resolved "https://registry.yarnpkg.com/@aws-sdk/token-providers/-/token-providers-3.1116.0.tgz#79c23d5cfeaf63f13a49f25035e8954083e09b6a"
  integrity sha512-ygIivKqh8aHzNkucOCXHyIBgBpLPfrSI0mCqXF+vLBsPTUKqj0VSqAY0GFPe7lQl4HntjOcQ+KSyS7oUV2C54Q==
  dependencies:
    "@aws-sdk/core" "^3.977.9"
    "@aws-sdk/nested-clients" "^3.997.44"
    "@aws-sdk/types" "^3.974.5"
    "@smithy/core" "^3.33.3"
    "@smithy/types" "^4.17.2"
    tslib "^2.6.2"

"@aws-sdk/types@^3.974.5":
  version "3.974.5"
  resolved "https://registry.yarnpkg.com/@aws-sdk/types/-/types-3.974.5.tgz#a52691531738d191b8b3fd1ae7757c2eeec7afee"
  integrity sha512-LkwLL2BLbC6wNNm4JaH9mbEqBMdOZCct6VAYqhdN4U1xrWM+fUJQEfbHwQgDypapOWTRtlk25akb5afM0P8CIQ==
  dependencies:
    "@smithy/types" "^4.17.2"
    tslib "^2.6.2"

"@aws-sdk/util-dynamodb@^3.996.9":
  version "3.996.9"
  resolved "https://registry.yarnpkg.com/@aws-sdk/util-dynamodb/-/util-dynamodb-3.996.9.tgz#493c00ffec4280450492966867197bbd26d50b83"
  integrity sha512-16x2tRvl7OYpZ0W/DdFJieFriD13+RvuRBDbe5sj/tCEfK86HSGd7I2s5j0ivz8p6KWGkS+5wKRO9OliJkjUOQ==
  dependencies:
    tslib "^2.6.2"

"@aws-sdk/xml-builder@^3.972.40":
  version "3.972.40"
  resolved "https://registry.yarnpkg.com/@aws-sdk/xml-builder/-/xml-builder-3.972.40.tgz#3cdb5f3400860ad91301aecb87fb5148a66d6ff7"
  integrity sha512-wlFmCIGUlwF4zx/kncw+bmxTQh1HeSJq4mYV/V5cZUSJadDP3kXvGW8Rn21cimj/7y9ju+47oYWXi97vF7czaA==
  dependencies:
    "@smithy/types" "^4.17.2"
    tslib "^2.6.2"

"@aws/lambda-invoke-store@^0.3.0":
  version "0.3.0"
  resolved "https://registry.yarnpkg.com/@aws/lambda-invoke-store/-/lambda-invoke-store-0.3.0.tgz#708802d987f8e17bdf4af4de1031660ce1cdd65f"
  integrity sha512-sl4Bm6yiMNYrZKkqqDFWN0UfnWhlS8ivKxrYl+6t0gCLrqr8y3B2IqZZbFRkfaVVp7C/baApyh71P+LeE1A2sQ==

"@cspotcode/source-map-consumer@0.8.0":
  version "0.8.0"
  resolved "https://registry.yarnpkg.com/@cspotcode/source-map-consumer/-/source-map-consumer-0.8.0.tgz#33bf4b7b39c178821606f669bbc447a6a629786b"
  integrity sha512-41qniHzTU8yAGbCp04ohlmSrZf8bkf/iJsl3V0dRGsQN/5GFfx+LbCSsCpp2gqrqjTVg/K6O8ycoV35JIwAzAg==

"@cspotcode/source-map-support@0.7.0":
  version "0.7.0"
  resolved "https://registry.yarnpkg.com/@cspotcode/source-map-support/-/source-map-support-0.7.0.tgz#4789840aa859e46d2f3173727ab707c66bf344f5"
  integrity sha512-X4xqRHqN8ACt2aHVe51OxeA2HjbcL4MqFqXkrmQszJ1NOUuUu5u6Vqx/0lZSVNku7velL5FC/s5uEAj1lsBMhA==
  dependencies:
    "@cspotcode/source-map-consumer" "0.8.0"

"@elastic/elasticsearch@^8.12.1":
  version "8.19.2"
  resolved "https://registry.yarnpkg.com/@elastic/elasticsearch/-/elasticsearch-8.19.2.tgz#9385951c7ddad1b0e7b9ffcb94371abcd5bc87f0"
  integrity sha512-LMJCju/+AZkDlJArd/MYABWTDrHi4U7j3qGTKi1hYC7+67SaiYmYFItiueACQVrj2j3ECPMcguZ+7WrZeB+Z5g==
  dependencies:
    "@elastic/transport" "^8.9.6"
    apache-arrow "18.x - 21.x"
    tslib "^2.4.0"

"@elastic/transport@^8.9.6":
  version "8.11.0"
  resolved "https://registry.yarnpkg.com/@elastic/transport/-/transport-8.11.0.tgz#9b8df3faca9954c311ec15caf1fd5cfb7af64a34"
  integrity sha512-1QD1j7gQF8+tVrf+UOcOrLF1LXnhBYwBnNl4xd+fYxkQONjaOjiTcfqXcALHesKezUv8wRzv3tedEnhtYLBmhw==
  dependencies:
    "@opentelemetry/api" "1.x"
    "@opentelemetry/core" "2.x"
    debug "^4.4.1"
    hpagent "^1.2.0"
    ms "^2.1.3"
    secure-json-parse "^3.0.1"
    tslib "^2.8.1"
    undici "^6.21.1"

"@opentelemetry/api@1.x":
  version "1.9.1"
  resolved "https://registry.yarnpkg.com/@opentelemetry/api/-/api-1.9.1.tgz#c1b0346de336ba55af2d5a7970882037baedec05"
  integrity sha512-gLyJlPHPZYdAk1JENA9LeHejZe1Ti77/pTeFm/nMXmQH/HFZlcS/O2XJB+L8fkbrNSqhdtlvjBVjxwUYanNH5Q==

"@opentelemetry/core@2.x":
  version "2.10.0"
  resolved "https://registry.yarnpkg.com/@opentelemetry/core/-/core-2.10.0.tgz#aa77f7138e74ba5399d5f3bb0deade0c168f00b2"
  integrity sha512-/wNZ8twnEQQA4HoHu22+vcsdru6pWPWxW+7w+FlxT6Id7PE/WIbZmVKkte+PF72e0F2dnImFeHD2syyE1Mw6MQ==
  dependencies:
    "@opentelemetry/semantic-conventions" "^1.29.0"

"@opentelemetry/semantic-conventions@^1.29.0":
  version "1.43.0"
  resolved "https://registry.yarnpkg.com/@opentelemetry/semantic-conventions/-/semantic-conventions-1.43.0.tgz#f3f467e36c27332f0e735ec86cdcd78dd6f27865"
  integrity sha512-eSYWTm620tTk45EKSedaUL8MFYI8hW164hIXsgIHyxu3VobUB3fFCu5t0hQby6OoWRPsG1KkKUG2M5UadiLiVg==

"@smithy/core@^3.33.2", "@smithy/core@^3.33.3":
  version "3.33.3"
  resolved "https://registry.yarnpkg.com/@smithy/core/-/core-3.33.3.tgz#c1e801fe17160bcbf6c714cf16e832057e6bf79e"
  integrity sha512-CsOeKq/9kA3y6VJHt+/+VTCtBaxJ4OTFpgrjIUhPpDIKxBci1k2bJaQASF2h/ELWrulGp+t97DZ0mevfAD8idg==
  dependencies:
    "@smithy/types" "^4.17.2"
    tslib "^2.6.2"

"@smithy/credential-provider-imds@^4.4.16":
  version "4.5.2"
  resolved "https://registry.yarnpkg.com/@smithy/credential-provider-imds/-/credential-provider-imds-4.5.2.tgz#da3ea9636b5566b36b0761382d841a6d8fdde14f"
  integrity sha512-A9uSdn72ozbRUSit0eib0TW7nXuNPlaeM0zcGkJ+nE6tFcSDbnmtwoxbTCFBukVQcszDAyvsd7+rTduPTXpygg==
  dependencies:
    "@smithy/core" "^3.33.2"
    "@smithy/types" "^4.17.2"
    tslib "^2.6.2"

"@smithy/fetch-http-handler@^5.7.2":
  version "5.7.2"
  resolved "https://registry.yarnpkg.com/@smithy/fetch-http-handler/-/fetch-http-handler-5.7.2.tgz#29e95cd74fe91495225e26a60569617fecae48cc"
  integrity sha512-nZyWTmSpJEXl6VtWVMBJve/7x12DZu6sIX1z1a+ZMaHlQQRs9Zpu6NbTe/gmxYXVRpkjxyDYpZ5gx2IM6f/Wkw==
  dependencies:
    "@smithy/core" "^3.33.2"
    "@smithy/types" "^4.17.2"
    tslib "^2.6.2"

"@smithy/node-http-handler@^4.11.3":
  version "4.11.3"
  resolved "https://registry.yarnpkg.com/@smithy/node-http-handler/-/node-http-handler-4.11.3.tgz#27e91a61b6de8a13e9b552f22975d7dd369cb397"
  integrity sha512-2jY1tSpERfPfWqyBV2pH+iGFaghVsIJszJNsT7hxtQYhVJpWDyc0LqOWI+nXOxOAHaEfZ4PXXtp1wW1TGpHhkA==
  dependencies:
    "@smithy/core" "^3.33.3"
    "@smithy/types" "^4.17.2"
    tslib "^2.6.2"

"@smithy/signature-v4@^5.6.12":
  version "5.7.3"
  resolved "https://registry.yarnpkg.com/@smithy/signature-v4/-/signature-v4-5.7.3.tgz#76603bf1ac9aa44e1d2f4f358b0cc0cf84961e46"
  integrity sha512-7ImGm+FkHRLcBaRttIAMZ6bzJZWb2cJGoYjq46F2UjycujWzrL9GEN9h4w7eQyXJYnltrUhxbbieBAIRrdqpow==
  dependencies:
    "@smithy/core" "^3.33.3"
    "@smithy/types" "^4.17.2"
    tslib "^2.6.2"

"@smithy/types@^4.17.2":
  version "4.17.2"
  resolved "https://registry.yarnpkg.com/@smithy/types/-/types-4.17.2.tgz#ad71f6f62460a6409f0e8efc173e2e0f883ea4e6"
  integrity sha512-FOKpVZob9MPTn2znRzGrnsMHv7BOsKVw3XiP/cOyYLDVZ9qKp4nifIiSCuUU/fIj5Vu0UOAxCFr+qRAtG0NUkA==
  dependencies:
    tslib "^2.6.2"

"@tsconfig/node10@^1.0.7":
  version "1.0.8"
  resolved "https://registry.yarnpkg.com/@tsconfig/node10/-/node10-1.0.8.tgz#c1e4e80d6f964fbecb3359c43bd48b40f7cadad9"
  integrity sha512-6XFfSQmMgq0CFLY1MslA/CPUfhIL919M1rMsa5lP2P097N2Wd1sSX0tx1u4olM16fLNhtHZpRhedZJphNJqmZg==

"@tsconfig/node12@^1.0.7":
  version "1.0.9"
  resolved "https://registry.yarnpkg.com/@tsconfig/node12/-/node12-1.0.9.tgz#62c1f6dee2ebd9aead80dc3afa56810e58e1a04c"
  integrity sha512-/yBMcem+fbvhSREH+s14YJi18sp7J9jpuhYByADT2rypfajMZZN4WQ6zBGgBKp53NKmqI36wFYDb3yaMPurITw==

"@tsconfig/node14@^1.0.0":
  version "1.0.1"
  resolved "https://registry.yarnpkg.com/@tsconfig/node14/-/node14-1.0.1.tgz#95f2d167ffb9b8d2068b0b235302fafd4df711f2"
  integrity sha512-509r2+yARFfHHE7T6Puu2jjkoycftovhXRqW328PDXTVGKihlb1P8Z9mMZH04ebyajfRY7dedfGynlrFHJUQCg==

"@tsconfig/node16@^1.0.2":
  version "1.0.2"
  resolved "https://registry.yarnpkg.com/@tsconfig/node16/-/node16-1.0.2.tgz#423c77877d0569db20e1fc80885ac4118314010e"
  integrity sha512-eZxlbI8GZscaGS7kkc/trHTT5xgrjH3/1n2JDwusC9iahPKWMRvRjJSAN5mCXviuTGQ/lHnhvv8Q1YTpnfz9gA==

"@types/node-fetch@2":
  version "2.5.12"
  resolved "https://registry.yarnpkg.com/@types/node-fetch/-/node-fetch-2.5.12.tgz#8a6f779b1d4e60b7a57fb6fd48d84fb545b9cc66"
  integrity sha512-MKgC4dlq4kKNa/mYrwpKfzQMB5X3ee5U6fSprkKpToBqBmX4nFZL9cW5jl6sWn+xpRJ7ypWh2yyqqr8UUCstSw==
  dependencies:
    "@types/node" "*"
    form-data "^3.0.0"

"@types/node@*":
  version "17.0.2"
  resolved "https://registry.yarnpkg.com/@types/node/-/node-17.0.2.tgz#a4c07d47ff737e8ee7e586fe636ff0e1ddff070a"
  integrity sha512-JepeIUPFDARgIs0zD/SKPgFsJEAF0X5/qO80llx59gOxFTboS9Amv3S+QfB7lqBId5sFXJ99BN0J6zFRvL9dDA==

"@types/node@^16.11.7":
  version "16.11.15"
  resolved "https://registry.yarnpkg.com/@types/node/-/node-16.11.15.tgz#724da13bc1ba99fe8190d0f5cd35cb53c67db942"
  integrity sha512-LMGR7iUjwZRxoYnfc9+YELxwqkaLmkJlo4/HUvOMyGvw9DaHO0gtAbH2FUdoFE6PXBTYZIT7x610r7kdo8o1fQ==

"@types/node@^25.2.0":
  version "25.9.5"
  resolved "https://registry.yarnpkg.com/@types/node/-/node-25.9.5.tgz#0fefc09e6e82e94cde291bacf43522e989eb01a4"
  integrity sha512-OScDchr2fwuUmWdf4kZ9h7PcJiYDVInhJizG/biAq3cAvqwYktuy/TYGGdZNMtNTFUP7rnb0NU4TUdm82kt4Rg==
  dependencies:
    undici-types ">=7.24.0 <7.24.7"

"@types/yargs-parser@*":
  version "20.2.1"
  resolved "https://registry.yarnpkg.com/@types/yargs-parser/-/yargs-parser-20.2.1.tgz#3b9ce2489919d9e4fea439b76916abc34b2df129"
  integrity sha512-7tFImggNeNBVMsn0vLrpn1H1uPrUBdnARPTpZoitY37ZrdJREzf7I16tMrlK3hen349gr1NYh8CmZQa7CTG6Aw==

"@types/yargs@^17.0.5":
  version "17.0.7"
  resolved "https://registry.yarnpkg.com/@types/yargs/-/yargs-17.0.7.tgz#44a484c634761da4391477515a98772b82b5060f"
  integrity sha512-OvLKmpKdea1aWtqHv9bxVVcMoT6syAeK+198dfETIFkAevYRGwqh4H+KFxfjUETZuUuE5sQCAFwdOdoHUdo8eg==
  dependencies:
    "@types/yargs-parser" "*"

acorn-walk@^8.1.1:
  version "8.2.0"
  resolved "https://registry.yarnpkg.com/acorn-walk/-/acorn-walk-8.2.0.tgz#741210f2e2426454508853a2f44d0ab83b7f69c1"
  integrity sha512-k+iyHEuPgSw6SbuDpGQM+06HQUa04DZ3o+F6CSzXMvvI5KMvnaEqXe+YVe555R9nn6GPt404fos4wcgpw12SDA==

acorn@^8.4.1:
  version "8.6.0"
  resolved "https://registry.yarnpkg.com/acorn/-/acorn-8.6.0.tgz#e3692ba0eb1a0c83eaa4f37f5fa7368dd7142895"
  integrity sha512-U1riIR+lBSNi3IbxtaHOIKdH8sLFv3NYfNv8sg7ZsNhcfl4HF2++BfqqrNAxoCLQW1iiylOj76ecnaUxz+z9yw==

"apache-arrow@18.x - 21.x":
  version "21.2.0"
  resolved "https://registry.yarnpkg.com/apache-arrow/-/apache-arrow-21.2.0.tgz#3adc16eb816202687782065836cda6092ff7db51"
  integrity sha512-Hxe6Agq26gQOM954qpzYSllJBPJl+e16U5CkfuMUhLrNba+5nKkttIVlflaovN6oaTratqMGAO8H5u/aNhmHWQ==
  dependencies:
    "@types/node" "^25.2.0"
    flatbuffers "^25.1.24"
    json-with-bigint "^3.5.3"
    tslib "^2.6.2"

arg@^4.1.0:
  version "4.1.3"
  resolved "https://registry.yarnpkg.com/arg/-/arg-4.1.3.tgz#269fc7ad5b8e42cb63c896d5666017261c144089"
  integrity sha512-58S9QDqG0Xx27YwPSt9fJxivjYl432YCwfDMfZ+71RAqUrZef7LrKQZ3LHLOwCS4FLNBplP533Zx895SeOCHvA==

asynckit@^0.4.0:
  version "0.4.0"
  resolved "https://registry.yarnpkg.com/asynckit/-/asynckit-0.4.0.tgz#c79ed97f7f34cb8f2ba1bc9790bcc366474b4b79"
  integrity sha1-x57Zf380y48robyXkLzDZkdLS3k=

bowser@^2.11.0:
  version "2.14.1"
  resolved "https://registry.yarnpkg.com/bowser/-/bowser-2.14.1.tgz#4ea39bf31e305184522d7ad7bfd91389e4f0cb79"
  integrity sha512-tzPjzCxygAKWFOJP011oxFHs57HzIhOEracIgAePE4pqB3LikALKnSzUyU4MGs9/iCEUuHlAJTjTc5M+u7YEGg==

call-bind-apply-helpers@^1.0.1, call-bind-apply-helpers@^1.0.2:
  version "1.0.2"
  resolved "https://registry.yarnpkg.com/call-bind-apply-helpers/-/call-bind-apply-helpers-1.0.2.tgz#4b5428c222be985d79c3d82657479dbe0b59b2d6"
  integrity sha512-Sp1ablJ0ivDkSzjcaJdxEunN5/XvksFJ2sMBFfq6x0ryhQV/2b/KwFe21cMpmHtPOSij8K99/wSfoEuTObmuMQ==
  dependencies:
    es-errors "^1.3.0"
    function-bind "^1.1.2"

combined-stream@^1.0.8:
  version "1.0.8"
  resolved "https://registry.yarnpkg.com/combined-stream/-/combined-stream-1.0.8.tgz#c3d45a8b34fd730631a110a8a2520682b31d5a7f"
  integrity sha512-FQN4MRfuJeHf7cBbBMJFXhKSDq+2kAArBlmRBvcvFE5BB1HZKXtSFASDhdlz9zOYwxh8lDdnvmMOe/+5cdoEdg==
  dependencies:
    delayed-stream "~1.0.0"

create-require@^1.1.0:
  version "1.1.1"
  resolved "https://registry.yarnpkg.com/create-require/-/create-require-1.1.1.tgz#c1d7e8f1e5f6cfc9ff65f9cd352d37348756c333"
  integrity sha512-dcKFX3jn0MpIaXjisoRvexIJVEKzaq7z2rZKxf+MSr9TkdmHmsU4m2lcLojrj/FHl8mk5VxMmYA+ftRkP/3oKQ==

debug@^4.4.1:
  version "4.4.3"
  resolved "https://registry.yarnpkg.com/debug/-/debug-4.4.3.tgz#c6ae432d9bd9662582fce08709b038c58e9e3d6a"
  integrity sha512-RGwwWnwQvkVfavKVt22FGLw+xYSdzARwm0ru6DhTVA3umU5hZc28V3kO4stgYryrTlLpuvgI9GiijltAjNbcqA==
  dependencies:
    ms "^2.1.3"

delayed-stream@~1.0.0:
  version "1.0.0"
  resolved "https://registry.yarnpkg.com/delayed-stream/-/delayed-stream-1.0.0.tgz#df3ae199acadfb7d440aaae0b29e2272b24ec619"
  integrity sha1-3zrhmayt+31ECqrgsp4icrJOxhk=

diff@^4.0.1:
  version "4.0.2"
  resolved "https://registry.yarnpkg.com/diff/-/diff-4.0.2.tgz#60f3aecb89d5fae520c11aa19efc2bb982aade7d"
  integrity sha512-58lmxKSA4BNyLz+HHMUzlOEpg09FV+ev6ZMe3vJihgdxzgcwZ8VoEEPmALCZG9LmqfVoNMMKpttIYTVG6uDY7A==

dunder-proto@^1.0.1:
  version "1.0.1"
  resolved "https://registry.yarnpkg.com/dunder-proto/-/dunder-proto-1.0.1.tgz#d7ae667e1dc83482f8b70fd0f6eefc50da30f58a"
  integrity sha512-KIN/nDJBQRcXw0MLVhZE9iQHmG68qAVIBg9CqmUYjmQIhgij9U5MFvrqkUL5FbtyyzZuOeOt0zdeRe4UY7ct+A==
  dependencies:
    call-bind-apply-helpers "^1.0.1"
    es-errors "^1.3.0"
    gopd "^1.2.0"

es-define-property@^1.0.1:
  version "1.0.1"
  resolved "https://registry.yarnpkg.com/es-define-property/-/es-define-property-1.0.1.tgz#983eb2f9a6724e9303f61addf011c72e09e0b0fa"
  integrity sha512-e3nRfgfUZ4rNGL232gUgX06QNyyez04KdjFrF+LTRoOXmrOgFKDg4BCdsjW8EnT69eqdYGmRpJwiPVYNrCaW3g==

es-errors@^1.3.0:
  version "1.3.0"
  resolved "https://registry.yarnpkg.com/es-errors/-/es-errors-1.3.0.tgz#05f75a25dab98e4fb1dcd5e1472c0546d5057c8f"
  integrity sha512-Zf5H2Kxt2xjTvbJvP2ZWLEICxA6j+hAmMzIlypy4xcBg1vKVnx89Wy0GbS+kf5cwCVFFzdCFh2XSCFNULS6csw==

es-object-atoms@^1.0.0, es-object-atoms@^1.1.1:
  version "1.1.1"
  resolved "https://registry.yarnpkg.com/es-object-atoms/-/es-object-atoms-1.1.1.tgz#1c4f2c4837327597ce69d2ca190a7fdd172338c1"
  integrity sha512-FGgH2h8zKNim9ljj7dankFPcICIK9Cp5bm+c2gQSYePhpaG5+esrLODihIorn+Pe6FGJzWhXQotPv73jTaldXA==
  dependencies:
    es-errors "^1.3.0"

es-set-tostringtag@^2.1.0:
  version "2.1.0"
  resolved "https://registry.yarnpkg.com/es-set-tostringtag/-/es-set-tostringtag-2.1.0.tgz#f31dbbe0c183b00a6d26eb6325c810c0fd18bd4d"
  integrity sha512-j6vWzfrGVfyXxge+O0x5sh6cvxAog0a/4Rdd2K36zCMV5eJ+/+tOAngRO8cODMNWbVRdVlmGZQL2YS3yR8bIUA==
  dependencies:
    es-errors "^1.3.0"
    get-intrinsic "^1.2.6"
    has-tostringtag "^1.0.2"
    hasown "^2.0.2"

flatbuffers@^25.1.24:
  version "25.9.23"
  resolved "https://registry.yarnpkg.com/flatbuffers/-/flatbuffers-25.9.23.tgz#346811557fe9312ab5647535e793c761e9c81eb1"
  integrity sha512-MI1qs7Lo4Syw0EOzUl0xjs2lsoeqFku44KpngfIduHBYvzm8h2+7K8YMQh1JtVVVrUvhLpNwqVi4DERegUJhPQ==

form-data@^3.0.0:
  version "3.0.5"
  resolved "https://registry.yarnpkg.com/form-data/-/form-data-3.0.5.tgz#2ea3ec24f0dcb7e0262a11efb732031240ea8e9f"
  integrity sha512-j23EibVLnp4zNXGW7LjryXYa2X6U/M96yoOX+ybZxwkYajdxRNEqYY3zhh7y0i6kfISKS2jr+EJq1YTUDEv5+w==
  dependencies:
    asynckit "^0.4.0"
    combined-stream "^1.0.8"
    es-set-tostringtag "^2.1.0"
    hasown "^2.0.4"
    mime-types "^2.1.35"

function-bind@^1.1.2:
  version "1.1.2"
  resolved "https://registry.yarnpkg.com/function-bind/-/function-bind-1.1.2.tgz#2c02d864d97f3ea6c8830c464cbd11ab6eab7a1c"
  integrity sha512-7XHNxH7qX9xG5mIwxkhumTox/MIRNcOgDrxWsMt2pAr23WHp6MrRlN7FBSFpCpr+oVO0F744iUgR82nJMfG2SA==

get-intrinsic@^1.2.6:
  version "1.3.0"
  resolved "https://registry.yarnpkg.com/get-intrinsic/-/get-intrinsic-1.3.0.tgz#743f0e3b6964a93a5491ed1bffaae054d7f98d01"
  integrity sha512-9fSjSaos/fRIVIp+xSJlE6lfwhES7LNtKaCBIamHsjr2na1BiABJPo0mOjjz8GJDURarmCPGqaiVg5mfjb98CQ==
  dependencies:
    call-bind-apply-helpers "^1.0.2"
    es-define-property "^1.0.1"
    es-errors "^1.3.0"
    es-object-atoms "^1.1.1"
    function-bind "^1.1.2"
    get-proto "^1.0.1"
    gopd "^1.2.0"
    has-symbols "^1.1.0"
    hasown "^2.0.2"
    math-intrinsics "^1.1.0"

get-proto@^1.0.1:
  version "1.0.1"
  resolved "https://registry.yarnpkg.com/get-proto/-/get-proto-1.0.1.tgz#150b3f2743869ef3e851ec0c49d15b1d14d00ee1"
  integrity sha512-sTSfBjoXBp89JvIKIefqw7U2CCebsc74kiY6awiGogKtoSGbgjYE/G/+l9sF3MWFPNc9IcoOC4ODfKHfxFmp0g==
  dependencies:
    dunder-proto "^1.0.1"
    es-object-atoms "^1.0.0"

gopd@^1.2.0:
  version "1.2.0"
  resolved "https://registry.yarnpkg.com/gopd/-/gopd-1.2.0.tgz#89f56b8217bdbc8802bd299df6d7f1081d7e51a1"
  integrity sha512-ZUKRh6/kUFoAiTAtTYPZJ3hw9wNxx+BIBOijnlG9PnrJsCcSjs1wyyD6vJpaYtgnzDrKYRSqf3OO6Rfa93xsRg==

has-symbols@^1.0.3, has-symbols@^1.1.0:
  version "1.1.0"
  resolved "https://registry.yarnpkg.com/has-symbols/-/has-symbols-1.1.0.tgz#fc9c6a783a084951d0b971fe1018de813707a338"
  integrity sha512-1cDNdwJ2Jaohmb3sg4OmKaMBwuC48sYni5HUw2DvsC8LjGTLK9h+eb1X6RyuOHe4hT0ULCW68iomhjUoKUqlPQ==

has-tostringtag@^1.0.2:
  version "1.0.2"
  resolved "https://registry.yarnpkg.com/has-tostringtag/-/has-tostringtag-1.0.2.tgz#2cdc42d40bef2e5b4eeab7c01a73c54ce7ab5abc"
  integrity sha512-NqADB8VjPFLM2V0VvHUewwwsw0ZWBaIdgo+ieHtK3hasLz4qeCRjYcqfB6AQrBggRKppKF8L52/VqdVsO47Dlw==
  dependencies:
    has-symbols "^1.0.3"

hasown@^2.0.2:
  version "2.0.2"
  resolved "https://registry.yarnpkg.com/hasown/-/hasown-2.0.2.tgz#003eaf91be7adc372e84ec59dc37252cedb80003"
  integrity sha512-0hJU9SCPvmMzIBdZFqNPXWa6dqh7WdH0cII9y+CyS8rG3nL48Bclra9HmKhVVUHyPWNH5Y7xDwAB7bfgSjkUMQ==
  dependencies:
    function-bind "^1.1.2"

hasown@^2.0.4:
  version "2.0.4"
  resolved "https://registry.yarnpkg.com/hasown/-/hasown-2.0.4.tgz#8c62d8cb90beb2aad5d0a5b67581ad9854c3f003"
  integrity sha512-T2UbfbBEF32wiepXIsMlTW9+dDYC6wMh/t/vYA4tuOMKqWz/n3vr1NFSxQiyP+zk2mXsoMA/i/7qV6LKut1t1A==
  dependencies:
    function-bind "^1.1.2"

hpagent@^1.2.0:
  version "1.2.0"
  resolved "https://registry.yarnpkg.com/hpagent/-/hpagent-1.2.0.tgz#0ae417895430eb3770c03443456b8d90ca464903"
  integrity sha512-A91dYTeIB6NoXG+PxTQpCCDDnfHsW9kc06Lvpu1TEe9gnd6ZFeiBoRO9JvzEv6xK7EX97/dUE8g/vBMTqTS3CA==

json-with-bigint@^3.5.3:
  version "3.5.12"
  resolved "https://registry.yarnpkg.com/json-with-bigint/-/json-with-bigint-3.5.12.tgz#9f6bf722a9847ed72fa9b217b2b66181227c454c"
  integrity sha512-uwbF/wSSuOgC7qqlq27Xp5B6a2MHVug3t0idZdTqu0JnlFvgJuH7ju+KAk/J06C7GfhoYy2gnb9wz2INqcne7w==

make-error@^1.1.1:
  version "1.3.6"
  resolved "https://registry.yarnpkg.com/make-error/-/make-error-1.3.6.tgz#2eb2e37ea9b67c4891f684a1394799af484cf7a2"
  integrity sha512-s8UhlNe7vPKomQhC1qFelMokr/Sc3AgNbso3n74mVPA5LTZwkB9NlXf4XPamLxJE8h0gh73rM94xvwRT2CVInw==

math-intrinsics@^1.1.0:
  version "1.1.0"
  resolved "https://registry.yarnpkg.com/math-intrinsics/-/math-intrinsics-1.1.0.tgz#a0dd74be81e2aa5c2f27e65ce283605ee4e2b7f9"
  integrity sha512-/IXtbwEk5HTPyEwyKX6hGkYXxM9nbj64B+ilVJnC/R6B0pH5G4V3b0pVbL7DBj4tkhBAppbQUlf6F6Xl9LHu1g==

mime-db@1.52.0:
  version "1.52.0"
  resolved "https://registry.yarnpkg.com/mime-db/-/mime-db-1.52.0.tgz#bbabcdc02859f4987301c856e3387ce5ec43bf70"
  integrity sha512-sPU4uV7dYlvtWJxwwxHD0PuihVNiE7TyAbQ5SWxDCB9mUYvOgroQOwYQQOKPJ8CIbE+1ETVlOoK1UC2nU3gYvg==

mime-types@^2.1.35:
  version "2.1.35"
  resolved "https://registry.yarnpkg.com/mime-types/-/mime-types-2.1.35.tgz#381a871b62a734450660ae3deee44813f70d959a"
  integrity sha512-ZDY+bPm5zTTF+YpCrAU9nK0UgICYPT0QtT1NZWFv4s++TNkcgVaT0g6+4R2uI4MjQjzysHB1zxuWL50hzaeXiw==
  dependencies:
    mime-db "1.52.0"

mnemonist@0.38.3:
  version "0.38.3"
  resolved "https://registry.yarnpkg.com/mnemonist/-/mnemonist-0.38.3.tgz#35ec79c1c1f4357cfda2fe264659c2775ccd7d9d"
  integrity sha512-2K9QYubXx/NAjv4VLq1d1Ly8pWNC5L3BrixtdkyTegXWJIqY+zLNDhhX/A+ZwWt70tB1S8H4BE8FLYEFyNoOBw==
  dependencies:
    obliterator "^1.6.1"

ms@^2.1.3:
  version "2.1.3"
  resolved "https://registry.yarnpkg.com/ms/-/ms-2.1.3.tgz#574c8138ce1d2b5861f0b44579dbadd60c6615b2"
  integrity sha512-6FlzubTLZG3J2a/NVCAleEhjzq5oxgHyaCU9yYXvcLsvoVaHJq/s5xXI6/XXP6tz7R9xAOtHnSO/tXtF3WRTlA==

node-fetch@2:
  version "2.6.7"
  resolved "https://registry.yarnpkg.com/node-fetch/-/node-fetch-2.6.7.tgz#24de9fba827e3b4ae44dc8b20256a379160052ad"
  integrity sha512-ZjMPFEfVx5j+y2yF35Kzx5sF7kDzxuDj6ziH4FFbOp87zKDZNx8yExJIb05OGF4Nlt9IHFIMBkRl41VdvcNdbQ==
  dependencies:
    whatwg-url "^5.0.0"

obliterator@^1.6.1:
  version "1.6.1"
  resolved "https://registry.yarnpkg.com/obliterator/-/obliterator-1.6.1.tgz#dea03e8ab821f6c4d96a299e17aef6a3af994ef3"
  integrity sha512-9WXswnqINnnhOG/5SLimUlzuU1hFJUc8zkwyD59Sd+dPOMf05PmnYG/d6Q7HZ+KmgkZJa1PxRso6QdM3sTNHig==

secure-json-parse@^3.0.1:
  version "3.0.2"
  resolved "https://registry.yarnpkg.com/secure-json-parse/-/secure-json-parse-3.0.2.tgz#255b03bb0627ba5805f64f384b0a7691d8cb021b"
  integrity sha512-H6nS2o8bWfpFEV6U38sOSjS7bTbdgbCGU9wEM6W14P5H0QOsz94KCusifV44GpHDTu2nqZbuDNhTzu+mjDSw1w==

tr46@~0.0.3:
  version "0.0.3"
  resolved "https://registry.yarnpkg.com/tr46/-/tr46-0.0.3.tgz#8184fd347dac9cdc185992f3a6622e14b9d9ab6a"
  integrity sha1-gYT9NH2snNwYWZLzpmIuFLnZq2o=

ts-graphviz@^0.16.0:
  version "0.16.0"
  resolved "https://registry.yarnpkg.com/ts-graphviz/-/ts-graphviz-0.16.0.tgz#7a6e6b5434854bc90ab861e70d5af0d6d20729a7"
  integrity sha512-3fTPO+G6bSQNvMh/XQQzyiahVLMMj9kqYO99ivUraNJ3Wp05HZOOVtRhi6w9hq7+laP1MKHjLBtGWqTeb1fcpg==

ts-node@^10.4.0:
  version "10.4.0"
  resolved "https://registry.yarnpkg.com/ts-node/-/ts-node-10.4.0.tgz#680f88945885f4e6cf450e7f0d6223dd404895f7"
  integrity sha512-g0FlPvvCXSIO1JDF6S232P5jPYqBkRL9qly81ZgAOSU7rwI0stphCgd2kLiCrU9DjQCrJMWEqcNSjQL02s6d8A==
  dependencies:
    "@cspotcode/source-map-support" "0.7.0"
    "@tsconfig/node10" "^1.0.7"
    "@tsconfig/node12" "^1.0.7"
    "@tsconfig/node14" "^1.0.0"
    "@tsconfig/node16" "^1.0.2"
    acorn "^8.4.1"
    acorn-walk "^8.1.1"
    arg "^4.1.0"
    create-require "^1.1.0"
    diff "^4.0.1"
    make-error "^1.1.1"
    yn "3.1.1"

tslib@^2.4.0, tslib@^2.6.2, tslib@^2.8.1:
  version "2.8.1"
  resolved "https://registry.yarnpkg.com/tslib/-/tslib-2.8.1.tgz#612efe4ed235d567e8aba5f2a5fab70280ade83f"
  integrity sha512-oJFu94HQb+KVduSUQL7wnpmqnfmLsOA/nAh6b6EH0wCEoK0/mPeXU6c3wKDV83MkOuHPRHtSXKKU99IBazS/2w==

typescript@^4.4.4:
  version "4.5.4"
  resolved "https://registry.yarnpkg.com/typescript/-/typescript-4.5.4.tgz#a17d3a0263bf5c8723b9c52f43c5084edf13c2e8"
  integrity sha512-VgYs2A2QIRuGphtzFV7aQJduJ2gyfTljngLzjpfW9FoYZF6xuw1W0vW9ghCKLfcWrCFxK81CSGRAvS1pn4fIUg==

"undici-types@>=7.24.0 <7.24.7":
  version "7.24.6"
  resolved "https://registry.yarnpkg.com/undici-types/-/undici-types-7.24.6.tgz#61275b485d7fd4e9d269c7cf04ec2873c9cc0f91"
  integrity sha512-WRNW+sJgj5OBN4/0JpHFqtqzhpbnV0GuB+OozA9gCL7a993SmU+1JBZCzLNxYsbMfIeDL+lTsphD5jN5N+n0zg==

undici@^6.21.1:
  version "6.28.0"
  resolved "https://registry.yarnpkg.com/undici/-/undici-6.28.0.tgz#9f0e385744fef5021d6596c5bccd783f61193c1c"
  integrity sha512-LIY910g9TI13YS95lrMFrs8Rm/u/irgHeTWoKCoteeJ04CUJ92eEfj0rVn+7VKMPBpUPiUoBKfhNyLI23EE/KA==

webidl-conversions@^3.0.0:
  version "3.0.1"
  resolved "https://registry.yarnpkg.com/webidl-conversions/-/webidl-conversions-3.0.1.tgz#24534275e2a7bc6be7bc86611cc16ae0a5654871"
  integrity sha1-JFNCdeKnvGvnvIZhHMFq4KVlSHE=

whatwg-url@^5.0.0:
  version "5.0.0"
  resolved "https://registry.yarnpkg.com/whatwg-url/-/whatwg-url-5.0.0.tgz#966454e8765462e37644d3626f6742ce8b70965d"
  integrity sha1-lmRU6HZUYuN2RNNib2dCzotwll0=
  dependencies:
    tr46 "~0.0.3"
    webidl-conversions "^3.0.0"

yn@3.1.1:
  version "3.1.1"
  resolved "https://registry.yarnpkg.com/yn/-/yn-3.1.1.tgz#1e87401a09d767c1d5eab26a6e4c185182d2eb50"
  integrity sha512-Ux4ygGWsu2c7isFWe8Yu1YluJmqVhxqK2cLXNQA5AcC3QfbGNpM7fu0Y8b/z16pXLnFxZYvWhd3fhBY9DLmC6Q==
